
Microsoft Visual Studio Solution File, Format Version 12.00
# Visual Studio Version 16
VisualStudioVersion = 16.0.30011.22
MinimumVisualStudioVersion = 10.0.40219.1
Project("{FAE04EC0-301F-11D3-BF4B-00C04F79EFBC}") = "Co_Contra_Variance", "Co_Contra_Variance\Co_Contra_Variance.csproj", "{BA86B463-2C5B-4064-ACD6-ED67F01CB887}"
EndProject
Global
	GlobalSection(SolutionConfigurationPlatforms) = preSolution
		Debug|Any CPU = Debug|Any CPU
		Release|Any CPU = Release|Any CPU
	EndGlobalSection
	GlobalSection(ProjectConfigurationPlatforms) = postSolution
		{BA86B463-2C5B-4064-ACD6-ED67F01CB887}.Debug|Any CPU.ActiveCfg = Debug|Any CPU
		{BA86B463-2C5B-4064-ACD6-ED67F01CB887}.Debug|Any CPU.Build.0 = Debug|Any CPU
		{BA86B463-2C5B-4064-ACD6-ED67F01CB887}.Release|Any CPU.ActiveCfg = Release|Any CPU
		{BA86B463-2C5B-4064-ACD6-ED67F01CB887}.Release|Any CPU.Build.0 = Release|Any CPU
	EndGlobalSection
	GlobalSection(SolutionProperties) = preSolution
		HideSolutionNode = FALSE
	EndGlobalSection
	GlobalSection(ExtensibilityGlobals) = postSolution
		SolutionGuid = {A77CD573-B06C-46B3-BF82-93CECB6BA979}
	EndGlobalSection
EndGlobal
